// !$*UTF8*$!
{
	archiveVersion = 1;
	classes = {
	};
	objectVersion = 55;
	objects = {

/* Begin PBXBuildFile section */
		D2250BA12847E1B300432583 /* PlaybackState.swift in Sources */ = {isa = PBXBuildFile; fileRef = D2250BA02847E1B300432583 /* PlaybackState.swift */; };
		D2C5AC7D2832AA9F00CDD5D5 /* OITUApp.swift in Sources */ = {isa = PBXBuildFile; fileRef = D2C5AC7C2832AA9F00CDD5D5 /* OITUApp.swift */; };
		D2C5AC812832AAA100CDD5D5 /* Assets.xcassets in Resources */ = {isa = PBXBuildFile; fileRef = D2C5AC802832AAA100CDD5D5 /* Assets.xcassets */; };
		D2C5AC842832AAA100CDD5D5 /* Preview Assets.xcassets in Resources */ = {isa = PBXBuildFile; fileRef = D2C5AC832832AAA100CDD5D5 /* Preview Assets.xcassets */; };
		D2C5AC8B28331B8800CDD5D5 /* AuthManager.swift in Sources */ = {isa = PBXBuildFile; fileRef = D2C5AC8A28331B8800CDD5D5 /* AuthManager.swift */; };
		D2C5AC8E28331D4B00CDD5D5 /* LoginView.swift in Sources */ = {isa = PBXBuildFile; fileRef = D2C5AC8D28331D4B00CDD5D5 /* LoginView.swift */; };
		D2C5AC9028331D7B00CDD5D5 /* AuthView.swift in Sources */ = {isa = PBXBuildFile; fileRef = D2C5AC8F28331D7B00CDD5D5 /* AuthView.swift */; };
		D2C5AC9428331E8D00CDD5D5 /* AuthResponse.swift in Sources */ = {isa = PBXBuildFile; fileRef = D2C5AC9328331E8D00CDD5D5 /* AuthResponse.swift */; };
		D2C5AC962833247B00CDD5D5 /* User.swift in Sources */ = {isa = PBXBuildFile; fileRef = D2C5AC952833247B00CDD5D5 /* User.swift */; };
		D2C5AC982833252500CDD5D5 /* LibraryView.swift in Sources */ = {isa = PBXBuildFile; fileRef = D2C5AC972833252500CDD5D5 /* LibraryView.swift */; };
		D2C5AC9C283328C600CDD5D5 /* APICaller.swift in Sources */ = {isa = PBXBuildFile; fileRef = D2C5AC9B283328C600CDD5D5 /* APICaller.swift */; };
		D2C5AC9E283328F300CDD5D5 /* APIImage.swift in Sources */ = {isa = PBXBuildFile; fileRef = D2C5AC9D283328F300CDD5D5 /* APIImage.swift */; };
		D2C5ACA22833291100CDD5D5 /* Playlist.swift in Sources */ = {isa = PBXBuildFile; fileRef = D2C5ACA12833291100CDD5D5 /* Playlist.swift */; };
		D2C5ACA42833292200CDD5D5 /* Playlists.swift in Sources */ = {isa = PBXBuildFile; fileRef = D2C5ACA32833292200CDD5D5 /* Playlists.swift */; };
		D2C5ACA62833292E00CDD5D5 /* UserProfile.swift in Sources */ = {isa = PBXBuildFile; fileRef = D2C5ACA52833292E00CDD5D5 /* UserProfile.swift */; };
		D2C5ACA82835DFDD00CDD5D5 /* PlaylistCard.swift in Sources */ = {isa = PBXBuildFile; fileRef = D2C5ACA72835DFDD00CDD5D5 /* PlaylistCard.swift */; };
		D2C5ACAC283886EE00CDD5D5 /* PlaylistMenu.swift in Sources */ = {isa = PBXBuildFile; fileRef = D2C5ACAB283886EE00CDD5D5 /* PlaylistMenu.swift */; };
		D2C5ACB12839977800CDD5D5 /* InAppPlayView.swift in Sources */ = {isa = PBXBuildFile; fileRef = D2C5ACB02839977800CDD5D5 /* InAppPlayView.swift */; };
		D2C5ACB32839E72300CDD5D5 /* Track.swift in Sources */ = {isa = PBXBuildFile; fileRef = D2C5ACB22839E72300CDD5D5 /* Track.swift */; };
		D2C5ACB52839F9A600CDD5D5 /* PlaylistTrack.swift in Sources */ = {isa = PBXBuildFile; fileRef = D2C5ACB42839F9A600CDD5D5 /* PlaylistTrack.swift */; };
		D2C5ACB7283C3A1200CDD5D5 /* PlaybackDevices.swift in Sources */ = {isa = PBXBuildFile; fileRef = D2C5ACB6283C3A1200CDD5D5 /* PlaybackDevices.swift */; };
		D2C5ACBE28430ECC00CDD5D5 /* SwiperView.swift in Sources */ = {isa = PBXBuildFile; fileRef = D2C5ACBD28430ECC00CDD5D5 /* SwiperView.swift */; };
		D2C5ACC02843EC2F00CDD5D5 /* TrackCardSwipeable.swift in Sources */ = {isa = PBXBuildFile; fileRef = D2C5ACBF2843EC2F00CDD5D5 /* TrackCardSwipeable.swift */; };
/* End PBXBuildFile section */

/* Begin PBXFileReference section */
		D2250BA02847E1B300432583 /* PlaybackState.swift */ = {isa = PBXFileReference; lastKnownFileType = sourcecode.swift; path = PlaybackState.swift; sourceTree = "<group>"; };
		D2C5AC792832AA9F00CDD5D5 /* Timber.app */ = {isa = PBXFileReference; explicitFileType = wrapper.application; includeInIndex = 0; path = Timber.app; sourceTree = BUILT_PRODUCTS_DIR; };
		D2C5AC7C2832AA9F00CDD5D5 /* OITUApp.swift */ = {isa = PBXFileReference; lastKnownFileType = sourcecode.swift; path = OITUApp.swift; sourceTree = "<group>"; };
		D2C5AC802832AAA100CDD5D5 /* Assets.xcassets */ = {isa = PBXFileReference; lastKnownFileType = folder.assetcatalog; path = Assets.xcassets; sourceTree = "<group>"; };
		D2C5AC832832AAA100CDD5D5 /* Preview Assets.xcassets */ = {isa = PBXFileReference; lastKnownFileType = folder.assetcatalog; path = "Preview Assets.xcassets"; sourceTree = "<group>"; };
		D2C5AC8A28331B8800CDD5D5 /* AuthManager.swift */ = {isa = PBXFileReference; lastKnownFileType = sourcecode.swift; path = AuthManager.swift; sourceTree = "<group>"; };
		D2C5AC8D28331D4B00CDD5D5 /* LoginView.swift */ = {isa = PBXFileReference; lastKnownFileType = sourcecode.swift; path = LoginView.swift; sourceTree = "<group>"; };
		D2C5AC8F28331D7B00CDD5D5 /* AuthView.swift */ = {isa = PBXFileReference; lastKnownFileType = sourcecode.swift; path = AuthView.swift; sourceTree = "<group>"; };
		D2C5AC9328331E8D00CDD5D5 /* AuthResponse.swift */ = {isa = PBXFileReference; lastKnownFileType = sourcecode.swift; path = AuthResponse.swift; sourceTree = "<group>"; };
		D2C5AC952833247B00CDD5D5 /* User.swift */ = {isa = PBXFileReference; lastKnownFileType = sourcecode.swift; path = User.swift; sourceTree = "<group>"; };
		D2C5AC972833252500CDD5D5 /* LibraryView.swift */ = {isa = PBXFileReference; lastKnownFileType = sourcecode.swift; path = LibraryView.swift; sourceTree = "<group>"; };
		D2C5AC9B283328C600CDD5D5 /* APICaller.swift */ = {isa = PBXFileReference; lastKnownFileType = sourcecode.swift; path = APICaller.swift; sourceTree = "<group>"; };
		D2C5AC9D283328F300CDD5D5 /* APIImage.swift */ = {isa = PBXFileReference; lastKnownFileType = sourcecode.swift; path = APIImage.swift; sourceTree = "<group>"; };
		D2C5ACA12833291100CDD5D5 /* Playlist.swift */ = {isa = PBXFileReference; lastKnownFileType = sourcecode.swift; path = Playlist.swift; sourceTree = "<group>"; };
		D2C5ACA32833292200CDD5D5 /* Playlists.swift */ = {isa = PBXFileReference; lastKnownFileType = sourcecode.swift; path = Playlists.swift; sourceTree = "<group>"; };
		D2C5ACA52833292E00CDD5D5 /* UserProfile.swift */ = {isa = PBXFileReference; lastKnownFileType = sourcecode.swift; path = UserProfile.swift; sourceTree = "<group>"; };
		D2C5ACA72835DFDD00CDD5D5 /* PlaylistCard.swift */ = {isa = PBXFileReference; lastKnownFileType = sourcecode.swift; path = PlaylistCard.swift; sourceTree = "<group>"; };
		D2C5ACAB283886EE00CDD5D5 /* PlaylistMenu.swift */ = {isa = PBXFileReference; lastKnownFileType = sourcecode.swift; path = PlaylistMenu.swift; sourceTree = "<group>"; };
		D2C5ACB02839977800CDD5D5 /* InAppPlayView.swift */ = {isa = PBXFileReference; lastKnownFileType = sourcecode.swift; path = InAppPlayView.swift; sourceTree = "<group>"; };
		D2C5ACB22839E72300CDD5D5 /* Track.swift */ = {isa = PBXFileReference; lastKnownFileType = sourcecode.swift; path = Track.swift; sourceTree = "<group>"; };
		D2C5ACB42839F9A600CDD5D5 /* PlaylistTrack.swift */ = {isa = PBXFileReference; lastKnownFileType = sourcecode.swift; path = PlaylistTrack.swift; sourceTree = "<group>"; };
		D2C5ACB6283C3A1200CDD5D5 /* PlaybackDevices.swift */ = {isa = PBXFileReference; lastKnownFileType = sourcecode.swift; path = PlaybackDevices.swift; sourceTree = "<group>"; };
		D2C5ACBD28430ECC00CDD5D5 /* SwiperView.swift */ = {isa = PBXFileReference; lastKnownFileType = sourcecode.swift; path = SwiperView.swift; sourceTree = "<group>"; };
		D2C5ACBF2843EC2F00CDD5D5 /* TrackCardSwipeable.swift */ = {isa = PBXFileReference; lastKnownFileType = sourcecode.swift; path = TrackCardSwipeable.swift; sourceTree = "<group>"; };
/* End PBXFileReference section */

/* Begin PBXFrameworksBuildPhase section */
		D2C5AC762832AA9E00CDD5D5 /* Frameworks */ = {
			isa = PBXFrameworksBuildPhase;
			buildActionMask = 2147483647;
			files = (
			);
			runOnlyForDeploymentPostprocessing = 0;
		};
/* End PBXFrameworksBuildPhase section */

/* Begin PBXGroup section */
		D2C5AC702832AA9E00CDD5D5 = {
			isa = PBXGroup;
			children = (
				D2C5AC7B2832AA9F00CDD5D5 /* OITU */,
				D2C5AC7A2832AA9F00CDD5D5 /* Products */,
			);
			sourceTree = "<group>";
		};
		D2C5AC7A2832AA9F00CDD5D5 /* Products */ = {
			isa = PBXGroup;
			children = (
				D2C5AC792832AA9F00CDD5D5 /* Timber.app */,
			);
			name = Products;
			sourceTree = "<group>";
		};
		D2C5AC7B2832AA9F00CDD5D5 /* OITU */ = {
			isa = PBXGroup;
			children = (
				D2C5AC9A283328AD00CDD5D5 /* Managers */,
				D2C5AC9228331E6600CDD5D5 /* Models */,
				D2C5AC8C28331CC600CDD5D5 /* Views */,
				D2C5AC7C2832AA9F00CDD5D5 /* OITUApp.swift */,
				D2C5AC802832AAA100CDD5D5 /* Assets.xcassets */,
				D2C5AC822832AAA100CDD5D5 /* Preview Content */,
				D2C5AC952833247B00CDD5D5 /* User.swift */,
			);
			path = OITU;
			sourceTree = "<group>";
		};
		D2C5AC822832AAA100CDD5D5 /* Preview Content */ = {
			isa = PBXGroup;
			children = (
				D2C5AC832832AAA100CDD5D5 /* Preview Assets.xcassets */,
			);
			path = "Preview Content";
			sourceTree = "<group>";
		};
		D2C5AC8C28331CC600CDD5D5 /* Views */ = {
			isa = PBXGroup;
			children = (
				D2C5ACAF2839969700CDD5D5 /* Screens */,
				D2C5ACAE2839967F00CDD5D5 /* Sheets */,
				D2C5ACAD2839965E00CDD5D5 /* Components */,
			);
			path = Views;
			sourceTree = "<group>";
		};
		D2C5AC9228331E6600CDD5D5 /* Models */ = {
			isa = PBXGroup;
			children = (
				D2C5AC9328331E8D00CDD5D5 /* AuthResponse.swift */,
				D2C5AC9D283328F300CDD5D5 /* APIImage.swift */,
				D2C5ACA12833291100CDD5D5 /* Playlist.swift */,
				D2C5ACA32833292200CDD5D5 /* Playlists.swift */,
				D2C5ACA52833292E00CDD5D5 /* UserProfile.swift */,
				D2C5ACB22839E72300CDD5D5 /* Track.swift */,
				D2C5ACB42839F9A600CDD5D5 /* PlaylistTrack.swift */,
				D2C5ACB6283C3A1200CDD5D5 /* PlaybackDevices.swift */,
				D2250BA02847E1B300432583 /* PlaybackState.swift */,
			);
			path = Models;
			sourceTree = "<group>";
		};
		D2C5AC9A283328AD00CDD5D5 /* Managers */ = {
			isa = PBXGroup;
			children = (
				D2C5AC8A28331B8800CDD5D5 /* AuthManager.swift */,
				D2C5AC9B283328C600CDD5D5 /* APICaller.swift */,
			);
			path = Managers;
			sourceTree = "<group>";
		};
		D2C5ACAD2839965E00CDD5D5 /* Components */ = {
			isa = PBXGroup;
			children = (
				D2C5ACA72835DFDD00CDD5D5 /* PlaylistCard.swift */,
				D2C5ACBF2843EC2F00CDD5D5 /* TrackCardSwipeable.swift */,
			);
			path = Components;
			sourceTree = "<group>";
		};
		D2C5ACAE2839967F00CDD5D5 /* Sheets */ = {
			isa = PBXGroup;
			children = (
				D2C5AC8F28331D7B00CDD5D5 /* AuthView.swift */,
				D2C5ACAB283886EE00CDD5D5 /* PlaylistMenu.swift */,
			);
			path = Sheets;
			sourceTree = "<group>";
		};
		D2C5ACAF2839969700CDD5D5 /* Screens */ = {
			isa = PBXGroup;
			children = (
				D2C5AC8D28331D4B00CDD5D5 /* LoginView.swift */,
				D2C5AC972833252500CDD5D5 /* LibraryView.swift */,
				D2C5ACB02839977800CDD5D5 /* InAppPlayView.swift */,
				D2C5ACBD28430ECC00CDD5D5 /* SwiperView.swift */,
			);
			path = Screens;
			sourceTree = "<group>";
		};
/* End PBXGroup section */

/* Begin PBXNativeTarget section */
		D2C5AC782832AA9E00CDD5D5 /* OITU */ = {
			isa = PBXNativeTarget;
			buildConfigurationList = D2C5AC872832AAA100CDD5D5 /* Build configuration list for PBXNativeTarget "OITU" */;
			buildPhases = (
				D2C5AC752832AA9E00CDD5D5 /* Sources */,
				D2C5AC762832AA9E00CDD5D5 /* Frameworks */,
				D2C5AC772832AA9E00CDD5D5 /* Resources */,
			);
			buildRules = (
			);
			dependencies = (
			);
			name = OITU;
			packageProductDependencies = (
			);
			productName = OITU;
			productReference = D2C5AC792832AA9F00CDD5D5 /* Timber.app */;
			productType = "com.apple.product-type.application";
		};
/* End PBXNativeTarget section */

/* Begin PBXProject section */
		D2C5AC712832AA9E00CDD5D5 /* Project object */ = {
			isa = PBXProject;
			attributes = {
				BuildIndependentTargetsInParallel = 1;
				LastSwiftUpdateCheck = 1320;
				LastUpgradeCheck = 1320;
				TargetAttributes = {
					D2C5AC782832AA9E00CDD5D5 = {
						CreatedOnToolsVersion = 13.2.1;
					};
				};
			};
			buildConfigurationList = D2C5AC742832AA9E00CDD5D5 /* Build configuration list for PBXProject "OITU" */;
			compatibilityVersion = "Xcode 13.0";
			developmentRegion = en;
			hasScannedForEncodings = 0;
			knownRegions = (
				en,
				Base,
			);
			mainGroup = D2C5AC702832AA9E00CDD5D5;
			packageReferences = (
			);
			productRefGroup = D2C5AC7A2832AA9F00CDD5D5 /* Products */;
			projectDirPath = "";
			projectRoot = "";
			targets = (
				D2C5AC782832AA9E00CDD5D5 /* OITU */,
			);
		};
/* End PBXProject section */

/* Begin PBXResourcesBuildPhase section */
		D2C5AC772832AA9E00CDD5D5 /* Resources */ = {
			isa = PBXResourcesBuildPhase;
			buildActionMask = 2147483647;
			files = (
				D2C5AC842832AAA100CDD5D5 /* Preview Assets.xcassets in Resources */,
				D2C5AC812832AAA100CDD5D5 /* Assets.xcassets in Resources */,
			);
			runOnlyForDeploymentPostprocessing = 0;
		};
/* End PBXResourcesBuildPhase section */

/* Begin PBXSourcesBuildPhase section */
		D2C5AC752832AA9E00CDD5D5 /* Sources */ = {
			isa = PBXSourcesBuildPhase;
			buildActionMask = 2147483647;
			files = (
				D2C5ACAC283886EE00CDD5D5 /* PlaylistMenu.swift in Sources */,
				D2C5AC982833252500CDD5D5 /* LibraryView.swift in Sources */,
				D2C5AC9028331D7B00CDD5D5 /* AuthView.swift in Sources */,
				D2250BA12847E1B300432583 /* PlaybackState.swift in Sources */,
				D2C5AC8B28331B8800CDD5D5 /* AuthManager.swift in Sources */,
				D2C5AC962833247B00CDD5D5 /* User.swift in Sources */,
				D2C5AC8E28331D4B00CDD5D5 /* LoginView.swift in Sources */,
				D2C5AC9428331E8D00CDD5D5 /* AuthResponse.swift in Sources */,
				D2C5ACBE28430ECC00CDD5D5 /* SwiperView.swift in Sources */,
				D2C5ACB12839977800CDD5D5 /* InAppPlayView.swift in Sources */,
				D2C5ACB52839F9A600CDD5D5 /* PlaylistTrack.swift in Sources */,
				D2C5ACC02843EC2F00CDD5D5 /* TrackCardSwipeable.swift in Sources */,
				D2C5AC7D2832AA9F00CDD5D5 /* OITUApp.swift in Sources */,
				D2C5ACA22833291100CDD5D5 /* Playlist.swift in Sources */,
				D2C5ACA82835DFDD00CDD5D5 /* PlaylistCard.swift in Sources */,
				D2C5ACB32839E72300CDD5D5 /* Track.swift in Sources */,
				D2C5AC9E283328F300CDD5D5 /* APIImage.swift in Sources */,
				D2C5AC9C283328C600CDD5D5 /* APICaller.swift in Sources */,
				D2C5ACA42833292200CDD5D5 /* Playlists.swift in Sources */,
				D2C5ACB7283C3A1200CDD5D5 /* PlaybackDevices.swift in Sources */,
				D2C5ACA62833292E00CDD5D5 /* UserProfile.swift in Sources */,
			);
			runOnlyForDeploymentPostprocessing = 0;
		};
/* End PBXSourcesBuildPhase section */

/* Begin XCBuildConfiguration section */
		D2C5AC852832AAA100CDD5D5 /* Debug */ = {
			isa = XCBuildConfiguration;
			buildSettings = {
				ALWAYS_SEARCH_USER_PATHS = NO;
				CLANG_ANALYZER_NONNULL = YES;
				CLANG_ANALYZER_NUMBER_OBJECT_CONVERSION = YES_AGGRESSIVE;
				CLANG_CXX_LANGUAGE_STANDARD = "gnu++17";
				CLANG_CXX_LIBRARY = "libc++";
				CLANG_ENABLE_MODULES = YES;
				CLANG_ENABLE_OBJC_ARC = YES;
				CLANG_ENABLE_OBJC_WEAK = YES;
				CLANG_WARN_BLOCK_CAPTURE_AUTORELEASING = YES;
				CLANG_WARN_BOOL_CONVERSION = YES;
				CLANG_WARN_COMMA = YES;
				CLANG_WARN_CONSTANT_CONVERSION = YES;
				CLANG_WARN_DEPRECATED_OBJC_IMPLEMENTATIONS = YES;
				CLANG_WARN_DIRECT_OBJC_ISA_USAGE = YES_ERROR;
				CLANG_WARN_DOCUMENTATION_COMMENTS = YES;
				CLANG_WARN_EMPTY_BODY = YES;
				CLANG_WARN_ENUM_CONVERSION = YES;
				CLANG_WARN_INFINITE_RECURSION = YES;
				CLANG_WARN_INT_CONVERSION = YES;
				CLANG_WARN_NON_LITERAL_NULL_CONVERSION = YES;
				CLANG_WARN_OBJC_IMPLICIT_RETAIN_SELF = YES;
				CLANG_WARN_OBJC_LITERAL_CONVERSION = YES;
				CLANG_WARN_OBJC_ROOT_CLASS = YES_ERROR;
				CLANG_WARN_QUOTED_INCLUDE_IN_FRAMEWORK_HEADER = YES;
				CLANG_WARN_RANGE_LOOP_ANALYSIS = YES;
				CLANG_WARN_STRICT_PROTOTYPES = YES;
				CLANG_WARN_SUSPICIOUS_MOVE = YES;
				CLANG_WARN_UNGUARDED_AVAILABILITY = YES_AGGRESSIVE;
				CLANG_WARN_UNREACHABLE_CODE = YES;
				CLANG_WARN__DUPLICATE_METHOD_MATCH = YES;
				COPY_PHASE_STRIP = NO;
				DEBUG_INFORMATION_FORMAT = dwarf;
				ENABLE_STRICT_OBJC_MSGSEND = YES;
				ENABLE_TESTABILITY = YES;
				GCC_C_LANGUAGE_STANDARD = gnu11;
				GCC_DYNAMIC_NO_PIC = NO;
				GCC_NO_COMMON_BLOCKS = YES;
				GCC_OPTIMIZATION_LEVEL = 0;
				GCC_PREPROCESSOR_DEFINITIONS = (
					"DEBUG=1",
					"$(inherited)",
				);
				GCC_WARN_64_TO_32_BIT_CONVERSION = YES;
				GCC_WARN_ABOUT_RETURN_TYPE = YES_ERROR;
				GCC_WARN_UNDECLARED_SELECTOR = YES;
				GCC_WARN_UNINITIALIZED_AUTOS = YES_AGGRESSIVE;
				GCC_WARN_UNUSED_FUNCTION = YES;
				GCC_WARN_UNUSED_VARIABLE = YES;
				IPHONEOS_DEPLOYMENT_TARGET = 15.2;
				MTL_ENABLE_DEBUG_INFO = INCLUDE_SOURCE;
				MTL_FAST_MATH = YES;
				ONLY_ACTIVE_ARCH = YES;
				SDKROOT = iphoneos;
				SWIFT_ACTIVE_COMPILATION_CONDITIONS = DEBUG;
				SWIFT_OPTIMIZATION_LEVEL = "-Onone";
			};
			name = Debug;
		};
		D2C5AC862832AAA100CDD5D5 /* Release */ = {
			isa = XCBuildConfiguration;
			buildSettings = {
				ALWAYS_SEARCH_USER_PATHS = NO;
				CLANG_ANALYZER_NONNULL = YES;
				CLANG_ANALYZER_NUMBER_OBJECT_CONVERSION = YES_AGGRESSIVE;
				CLANG_CXX_LANGUAGE_STANDARD = "gnu++17";
				CLANG_CXX_LIBRARY = "libc++";
				CLANG_ENABLE_MODULES = YES;
				CLANG_ENABLE_OBJC_ARC = YES;
				CLANG_ENABLE_OBJC_WEAK = YES;
				CLANG_WARN_BLOCK_CAPTURE_AUTORELEASING = YES;
				CLANG_WARN_BOOL_CONVERSION = YES;
				CLANG_WARN_COMMA = YES;
				CLANG_WARN_CONSTANT_CONVERSION = YES;
				CLANG_WARN_DEPRECATED_OBJC_IMPLEMENTATIONS = YES;
				CLANG_WARN_DIRECT_OBJC_ISA_USAGE = YES_ERROR;
				CLANG_WARN_DOCUMENTATION_COMMENTS = YES;
				CLANG_WARN_EMPTY_BODY = YES;
				CLANG_WARN_ENUM_CONVERSION = YES;
				CLANG_WARN_INFINITE_RECURSION = YES;
				CLANG_WARN_INT_CONVERSION = YES;
				CLANG_WARN_NON_LITERAL_NULL_CONVERSION = YES;
				CLANG_WARN_OBJC_IMPLICIT_RETAIN_SELF = YES;
				CLANG_WARN_OBJC_LITERAL_CONVERSION = YES;
				CLANG_WARN_OBJC_ROOT_CLASS = YES_ERROR;
				CLANG_WARN_QUOTED_INCLUDE_IN_FRAMEWORK_HEADER = YES;
				CLANG_WARN_RANGE_LOOP_ANALYSIS = YES;
				CLANG_WARN_STRICT_PROTOTYPES = YES;
				CLANG_WARN_SUSPICIOUS_MOVE = YES;
				CLANG_WARN_UNGUARDED_AVAILABILITY = YES_AGGRESSIVE;
				CLANG_WARN_UNREACHABLE_CODE = YES;
				CLANG_WARN__DUPLICATE_METHOD_MATCH = YES;
				COPY_PHASE_STRIP = NO;
				DEBUG_INFORMATION_FORMAT = "dwarf-with-dsym";
				ENABLE_NS_ASSERTIONS = NO;
				ENABLE_STRICT_OBJC_MSGSEND = YES;
				GCC_C_LANGUAGE_STANDARD = gnu11;
				GCC_NO_COMMON_BLOCKS = YES;
				GCC_WARN_64_TO_32_BIT_CONVERSION = YES;
				GCC_WARN_ABOUT_RETURN_TYPE = YES_ERROR;
				GCC_WARN_UNDECLARED_SELECTOR = YES;
				GCC_WARN_UNINITIALIZED_AUTOS = YES_AGGRESSIVE;
				GCC_WARN_UNUSED_FUNCTION = YES;
				GCC_WARN_UNUSED_VARIABLE = YES;
				IPHONEOS_DEPLOYMENT_TARGET = 15.2;
				MTL_ENABLE_DEBUG_INFO = NO;
				MTL_FAST_MATH = YES;
				SDKROOT = iphoneos;
				SWIFT_COMPILATION_MODE = wholemodule;
				SWIFT_OPTIMIZATION_LEVEL = "-O";
				VALIDATE_PRODUCT = YES;
			};
			name = Release;
		};
		D2C5AC882832AAA100CDD5D5 /* Debug */ = {
			isa = XCBuildConfiguration;
			buildSettings = {
				ASSETCATALOG_COMPILER_APPICON_NAME = AppIcon;
				ASSETCATALOG_COMPILER_GLOBAL_ACCENT_COLOR_NAME = AccentColor;
				CODE_SIGN_STYLE = Automatic;
				CURRENT_PROJECT_VERSION = 1;
				DEVELOPMENT_ASSET_PATHS = "\"OITU/Preview Content\"";
				DEVELOPMENT_TEAM = 6ZNCBZRJ58;
				ENABLE_PREVIEWS = YES;
				GENERATE_INFOPLIST_FILE = YES;
				INFOPLIST_KEY_UIApplicationSceneManifest_Generation = YES;
				INFOPLIST_KEY_UIApplicationSupportsIndirectInputEvents = YES;
				INFOPLIST_KEY_UILaunchScreen_Generation = YES;
				INFOPLIST_KEY_UISupportedInterfaceOrientations = UIInterfaceOrientationPortrait;
				INFOPLIST_KEY_UISupportedInterfaceOrientations_iPad = "UIInterfaceOrientationPortrait UIInterfaceOrientationPortraitUpsideDown UIInterfaceOrientationLandscapeLeft UIInterfaceOrientationLandscapeRight";
				INFOPLIST_KEY_UISupportedInterfaceOrientations_iPhone = UIInterfaceOrientationPortrait;
				LD_RUNPATH_SEARCH_PATHS = (
					"$(inherited)",
					"@executable_path/Frameworks",
				);
				MARKETING_VERSION = 1.0;
				PRODUCT_BUNDLE_IDENTIFIER = ian.OITU;
				PRODUCT_NAME = Timber;
				SWIFT_EMIT_LOC_STRINGS = YES;
				SWIFT_VERSION = 5.0;
				TARGETED_DEVICE_FAMILY = "1,2";
			};
			name = Debug;
		};
		D2C5AC892832AAA100CDD5D5 /* Release */ = {
			isa = XCBuildConfiguration;
			buildSettings = {
				ASSETCATALOG_COMPILER_APPICON_NAME = AppIcon;
				ASSETCATALOG_COMPILER_GLOBAL_ACCENT_COLOR_NAME = AccentColor;
				CODE_SIGN_STYLE = Automatic;
				CURRENT_PROJECT_VERSION = 1;
				DEVELOPMENT_ASSET_PATHS = "\"OITU/Preview Content\"";
				DEVELOPMENT_TEAM = 6ZNCBZRJ58;
				ENABLE_PREVIEWS = YES;
				GENERATE_INFOPLIST_FILE = YES;
				INFOPLIST_KEY_UIApplicationSceneManifest_Generation = YES;
				INFOPLIST_KEY_UIApplicationSupportsIndirectInputEvents = YES;
				INFOPLIST_KEY_UILaunchScreen_Generation = YES;
				INFOPLIST_KEY_UISupportedInterfaceOrientations = UIInterfaceOrientationPortrait;
				INFOPLIST_KEY_UISupportedInterfaceOrientations_iPad = "UIInterfaceOrientationPortrait UIInterfaceOrientationPortraitUpsideDown UIInterfaceOrientationLandscapeLeft UIInterfaceOrientationLandscapeRight";
				INFOPLIST_KEY_UISupportedInterfaceOrientations_iPhone = UIInterfaceOrientationPortrait;
				LD_RUNPATH_SEARCH_PATHS = (
					"$(inherited)",
					"@executable_path/Frameworks",
				);
				MARKETING_VERSION = 1.0;
				PRODUCT_BUNDLE_IDENTIFIER = ian.OITU;
				PRODUCT_NAME = Timber;
				SWIFT_EMIT_LOC_STRINGS = YES;
				SWIFT_VERSION = 5.0;
				TARGETED_DEVICE_FAMILY = "1,2";
			};
			name = Release;
		};
/* End XCBuildConfiguration section */

/* Begin XCConfigurationList section */
		D2C5AC742832AA9E00CDD5D5 /* Build configuration list for PBXProject "OITU" */ = {
			isa = XCConfigurationList;
			buildConfigurations = (
				D2C5AC852832AAA100CDD5D5 /* Debug */,
				D2C5AC862832AAA100CDD5D5 /* Release */,
			);
			defaultConfigurationIsVisible = 0;
			defaultConfigurationName = Release;
		};
		D2C5AC872832AAA100CDD5D5 /* Build configuration list for PBXNativeTarget "OITU" */ = {
			isa = XCConfigurationList;
			buildConfigurations = (
				D2C5AC882832AAA100CDD5D5 /* Debug */,
				D2C5AC892832AAA100CDD5D5 /* Release */,
			);
			defaultConfigurationIsVisible = 0;
			defaultConfigurationName = Release;
		};
/* End XCConfigurationList section */
	};
	rootObject = D2C5AC712832AA9E00CDD5D5 /* Project object */;
}
